
Microsoft Visual Studio Solution File, Format Version 12.00
# Visual Studio Version 16
VisualStudioVersion = 16.0.31410.357
MinimumVisualStudioVersion = 10.0.40219.1
Project("{FAE04EC0-301F-11D3-BF4B-00C04F79EFBC}") = "Monster Hunter", "Monster Hunter\Monster Hunter.csproj", "{6714E893-E7AD-46A3-8F9F-A6C97A3C7DD6}"
EndProject
Project("{FAE04EC0-301F-11D3-BF4B-00C04F79EFBC}") = "ParteLogica", "Monster Hunter\ParteLogica\ParteLogica.csproj", "{735AFBFF-E507-4269-BA6F-6DFA45799FED}"
EndProject
Global
	GlobalSection(SolutionConfigurationPlatforms) = preSolution
		Debug|Any CPU = Debug|Any CPU
		Release|Any CPU = Release|Any CPU
	EndGlobalSection
	GlobalSection(ProjectConfigurationPlatforms) = postSolution
		{6714E893-E7AD-46A3-8F9F-A6C97A3C7DD6}.Debug|Any CPU.ActiveCfg = Debug|Any CPU
		{6714E893-E7AD-46A3-8F9F-A6C97A3C7DD6}.Debug|Any CPU.Build.0 = Debug|Any CPU
		{6714E893-E7AD-46A3-8F9F-A6C97A3C7DD6}.Release|Any CPU.ActiveCfg = Release|Any CPU
		{6714E893-E7AD-46A3-8F9F-A6C97A3C7DD6}.Release|Any CPU.Build.0 = Release|Any CPU
		{735AFBFF-E507-4269-BA6F-6DFA45799FED}.Debug|Any CPU.ActiveCfg = Debug|Any CPU
		{735AFBFF-E507-4269-BA6F-6DFA45799FED}.Debug|Any CPU.Build.0 = Debug|Any CPU
		{735AFBFF-E507-4269-BA6F-6DFA45799FED}.Release|Any CPU.ActiveCfg = Release|Any CPU
		{735AFBFF-E507-4269-BA6F-6DFA45799FED}.Release|Any CPU.Build.0 = Release|Any CPU
	EndGlobalSection
	GlobalSection(SolutionProperties) = preSolution
		HideSolutionNode = FALSE
	EndGlobalSection
	GlobalSection(ExtensibilityGlobals) = postSolution
		SolutionGuid = {869F5259-687B-4F3A-BF29-32C3F2823552}
	EndGlobalSection
EndGlobal
